
Microsoft Visual Studio Solution File, Format Version 12.00
# Visual Studio Version 17
VisualStudioVersion = 17.4.33122.133
MinimumVisualStudioVersion = 10.0.40219.1
Project("{FAE04EC0-301F-11D3-BF4B-00C04F79EFBC}") = "MagicVilla_VillaAPI", "MagicVilla_VillaAPI\MagicVilla_VillaAPI.csproj", "{EE4DA05A-5639-4EBE-ADFA-0155D0BB6D7A}"
EndProject
Global
	GlobalSection(SolutionConfigurationPlatforms) = preSolution
		Debug|Any CPU = Debug|Any CPU
		Release|Any CPU = Release|Any CPU
	EndGlobalSection
	GlobalSection(ProjectConfigurationPlatforms) = postSolution
		{EE4DA05A-5639-4EBE-ADFA-0155D0BB6D7A}.Debug|Any CPU.ActiveCfg = Debug|Any CPU
		{EE4DA05A-5639-4EBE-ADFA-0155D0BB6D7A}.Debug|Any CPU.Build.0 = Debug|Any CPU
		{EE4DA05A-5639-4EBE-ADFA-0155D0BB6D7A}.Release|Any CPU.ActiveCfg = Release|Any CPU
		{EE4DA05A-5639-4EBE-ADFA-0155D0BB6D7A}.Release|Any CPU.Build.0 = Release|Any CPU
	EndGlobalSection
	GlobalSection(SolutionProperties) = preSolution
		HideSolutionNode = FALSE
	EndGlobalSection
	GlobalSection(ExtensibilityGlobals) = postSolution
		SolutionGuid = {C492833F-7F93-4AF6-89FA-B98CA7B7FB29}
	EndGlobalSection
EndGlobal
